// !$*UTF8*$!
{
	archiveVersion = 1;
	classes = {
	};
	objectVersion = 56;
	objects = {

/* Begin PBXBuildFile section */
		01B8E3DA2B7FAE5C004375ED /* ChallengesTab.swift in Sources */ = {isa = PBXBuildFile; fileRef = 01B8E3D92B7FAE5C004375ED /* ChallengesTab.swift */; };
		321EF0452B83AAFA000A2D02 /* LoginPage.swift in Sources */ = {isa = PBXBuildFile; fileRef = 321EF0442B83AAFA000A2D02 /* LoginPage.swift */; };
		32D8E1722B862B02000C62CA /* Homepage.swift in Sources */ = {isa = PBXBuildFile; fileRef = 32D8E1712B862B02000C62CA /* Homepage.swift */; };
		32D8E1742B862B38000C62CA /* Navbar.swift in Sources */ = {isa = PBXBuildFile; fileRef = 32D8E1732B862B38000C62CA /* Navbar.swift */; };
		32D8E1762B863C13000C62CA /* BarNavigation.swift in Sources */ = {isa = PBXBuildFile; fileRef = 32D8E1752B863C13000C62CA /* BarNavigation.swift */; };
		32E2885A2B83CD2800458FB1 /* Calendar.swift in Sources */ = {isa = PBXBuildFile; fileRef = 32E288592B83CD2800458FB1 /* Calendar.swift */; };
		32E2885C2B83CD4300458FB1 /* WorkoutGraph.swift in Sources */ = {isa = PBXBuildFile; fileRef = 32E2885B2B83CD4300458FB1 /* WorkoutGraph.swift */; };
		32E2885E2B83CD6E00458FB1 /* PostWorkout.swift in Sources */ = {isa = PBXBuildFile; fileRef = 32E2885D2B83CD6E00458FB1 /* PostWorkout.swift */; };
		91065F7D2B7A7E4700BC62E6 /* SmartWeightsApp.swift in Sources */ = {isa = PBXBuildFile; fileRef = 91065F7C2B7A7E4700BC62E6 /* SmartWeightsApp.swift */; };
		91065F7F2B7A7E4700BC62E6 /* ContentView.swift in Sources */ = {isa = PBXBuildFile; fileRef = 91065F7E2B7A7E4700BC62E6 /* ContentView.swift */; };
		91065F812B7A7E4900BC62E6 /* Assets.xcassets in Resources */ = {isa = PBXBuildFile; fileRef = 91065F802B7A7E4900BC62E6 /* Assets.xcassets */; };
		91065F842B7A7E4900BC62E6 /* Preview Assets.xcassets in Resources */ = {isa = PBXBuildFile; fileRef = 91065F832B7A7E4900BC62E6 /* Preview Assets.xcassets */; };
		91065F862B7A7E4900BC62E6 /* Persistence.swift in Sources */ = {isa = PBXBuildFile; fileRef = 91065F852B7A7E4900BC62E6 /* Persistence.swift */; };
		91065F892B7A7E4900BC62E6 /* SmartWeights.xcdatamodeld in Sources */ = {isa = PBXBuildFile; fileRef = 91065F872B7A7E4900BC62E6 /* SmartWeights.xcdatamodeld */; };
		91065F952B7A7E4900BC62E6 /* SmartWeightsTests.swift in Sources */ = {isa = PBXBuildFile; fileRef = 91065F942B7A7E4900BC62E6 /* SmartWeightsTests.swift */; };
		91065F9F2B7A7E4900BC62E6 /* SmartWeightsUITests.swift in Sources */ = {isa = PBXBuildFile; fileRef = 91065F9E2B7A7E4900BC62E6 /* SmartWeightsUITests.swift */; };
		91065FA12B7A7E4900BC62E6 /* SmartWeightsUITestsLaunchTests.swift in Sources */ = {isa = PBXBuildFile; fileRef = 91065FA02B7A7E4900BC62E6 /* SmartWeightsUITestsLaunchTests.swift */; };
		B90B6FDA2B7FAD1C009866FD /* PetStore.swift in Sources */ = {isa = PBXBuildFile; fileRef = B90B6FD92B7FAD1C009866FD /* PetStore.swift */; };
/* End PBXBuildFile section */

/* Begin PBXContainerItemProxy section */
		91065F912B7A7E4900BC62E6 /* PBXContainerItemProxy */ = {
			isa = PBXContainerItemProxy;
			containerPortal = 91065F712B7A7E4700BC62E6 /* Project object */;
			proxyType = 1;
			remoteGlobalIDString = 91065F782B7A7E4700BC62E6;
			remoteInfo = SmartWeights;
		};
		91065F9B2B7A7E4900BC62E6 /* PBXContainerItemProxy */ = {
			isa = PBXContainerItemProxy;
			containerPortal = 91065F712B7A7E4700BC62E6 /* Project object */;
			proxyType = 1;
			remoteGlobalIDString = 91065F782B7A7E4700BC62E6;
			remoteInfo = SmartWeights;
		};
/* End PBXContainerItemProxy section */

/* Begin PBXFileReference section */
		01B8E3D92B7FAE5C004375ED /* ChallengesTab.swift */ = {isa = PBXFileReference; lastKnownFileType = sourcecode.swift; path = ChallengesTab.swift; sourceTree = "<group>"; };
		321EF0442B83AAFA000A2D02 /* LoginPage.swift */ = {isa = PBXFileReference; lastKnownFileType = sourcecode.swift; path = LoginPage.swift; sourceTree = "<group>"; };
		32D8E1712B862B02000C62CA /* Homepage.swift */ = {isa = PBXFileReference; lastKnownFileType = sourcecode.swift; path = Homepage.swift; sourceTree = "<group>"; };
		32D8E1732B862B38000C62CA /* Navbar.swift */ = {isa = PBXFileReference; lastKnownFileType = sourcecode.swift; path = Navbar.swift; sourceTree = "<group>"; };
		32D8E1752B863C13000C62CA /* BarNavigation.swift */ = {isa = PBXFileReference; lastKnownFileType = sourcecode.swift; path = BarNavigation.swift; sourceTree = "<group>"; };
		32E288592B83CD2800458FB1 /* Calendar.swift */ = {isa = PBXFileReference; lastKnownFileType = sourcecode.swift; path = Calendar.swift; sourceTree = "<group>"; };
		32E2885B2B83CD4300458FB1 /* WorkoutGraph.swift */ = {isa = PBXFileReference; lastKnownFileType = sourcecode.swift; path = WorkoutGraph.swift; sourceTree = "<group>"; };
		32E2885D2B83CD6E00458FB1 /* PostWorkout.swift */ = {isa = PBXFileReference; lastKnownFileType = sourcecode.swift; path = PostWorkout.swift; sourceTree = "<group>"; };
		91065F792B7A7E4700BC62E6 /* SmartWeights.app */ = {isa = PBXFileReference; explicitFileType = wrapper.application; includeInIndex = 0; path = SmartWeights.app; sourceTree = BUILT_PRODUCTS_DIR; };
		91065F7C2B7A7E4700BC62E6 /* SmartWeightsApp.swift */ = {isa = PBXFileReference; lastKnownFileType = sourcecode.swift; path = SmartWeightsApp.swift; sourceTree = "<group>"; };
		91065F7E2B7A7E4700BC62E6 /* ContentView.swift */ = {isa = PBXFileReference; lastKnownFileType = sourcecode.swift; path = ContentView.swift; sourceTree = "<group>"; };
		91065F802B7A7E4900BC62E6 /* Assets.xcassets */ = {isa = PBXFileReference; lastKnownFileType = folder.assetcatalog; path = Assets.xcassets; sourceTree = "<group>"; };
		91065F832B7A7E4900BC62E6 /* Preview Assets.xcassets */ = {isa = PBXFileReference; lastKnownFileType = folder.assetcatalog; path = "Preview Assets.xcassets"; sourceTree = "<group>"; };
		91065F852B7A7E4900BC62E6 /* Persistence.swift */ = {isa = PBXFileReference; lastKnownFileType = sourcecode.swift; path = Persistence.swift; sourceTree = "<group>"; };
		91065F882B7A7E4900BC62E6 /* SmartWeights.xcdatamodel */ = {isa = PBXFileReference; lastKnownFileType = wrapper.xcdatamodel; path = SmartWeights.xcdatamodel; sourceTree = "<group>"; };
		91065F8A2B7A7E4900BC62E6 /* SmartWeights.entitlements */ = {isa = PBXFileReference; lastKnownFileType = text.plist.entitlements; path = SmartWeights.entitlements; sourceTree = "<group>"; };
		91065F8B2B7A7E4900BC62E6 /* Info.plist */ = {isa = PBXFileReference; lastKnownFileType = text.plist.xml; path = Info.plist; sourceTree = "<group>"; };
		91065F902B7A7E4900BC62E6 /* SmartWeightsTests.xctest */ = {isa = PBXFileReference; explicitFileType = wrapper.cfbundle; includeInIndex = 0; path = SmartWeightsTests.xctest; sourceTree = BUILT_PRODUCTS_DIR; };
		91065F942B7A7E4900BC62E6 /* SmartWeightsTests.swift */ = {isa = PBXFileReference; lastKnownFileType = sourcecode.swift; path = SmartWeightsTests.swift; sourceTree = "<group>"; };
		91065F9A2B7A7E4900BC62E6 /* SmartWeightsUITests.xctest */ = {isa = PBXFileReference; explicitFileType = wrapper.cfbundle; includeInIndex = 0; path = SmartWeightsUITests.xctest; sourceTree = BUILT_PRODUCTS_DIR; };
		91065F9E2B7A7E4900BC62E6 /* SmartWeightsUITests.swift */ = {isa = PBXFileReference; lastKnownFileType = sourcecode.swift; path = SmartWeightsUITests.swift; sourceTree = "<group>"; };
		91065FA02B7A7E4900BC62E6 /* SmartWeightsUITestsLaunchTests.swift */ = {isa = PBXFileReference; lastKnownFileType = sourcecode.swift; path = SmartWeightsUITestsLaunchTests.swift; sourceTree = "<group>"; };
		B90B6FD92B7FAD1C009866FD /* PetStore.swift */ = {isa = PBXFileReference; lastKnownFileType = sourcecode.swift; path = PetStore.swift; sourceTree = "<group>"; };
/* End PBXFileReference section */

/* Begin PBXFrameworksBuildPhase section */
		91065F762B7A7E4700BC62E6 /* Frameworks */ = {
			isa = PBXFrameworksBuildPhase;
			buildActionMask = 2147483647;
			files = (
			);
			runOnlyForDeploymentPostprocessing = 0;
		};
		91065F8D2B7A7E4900BC62E6 /* Frameworks */ = {
			isa = PBXFrameworksBuildPhase;
			buildActionMask = 2147483647;
			files = (
			);
			runOnlyForDeploymentPostprocessing = 0;
		};
		91065F972B7A7E4900BC62E6 /* Frameworks */ = {
			isa = PBXFrameworksBuildPhase;
			buildActionMask = 2147483647;
			files = (
			);
			runOnlyForDeploymentPostprocessing = 0;
		};
/* End PBXFrameworksBuildPhase section */

/* Begin PBXGroup section */
		32E288582B83CD0900458FB1 /* post-workout */ = {
			isa = PBXGroup;
			children = (
				32E288592B83CD2800458FB1 /* Calendar.swift */,
				32E2885B2B83CD4300458FB1 /* WorkoutGraph.swift */,
				32E2885D2B83CD6E00458FB1 /* PostWorkout.swift */,
			);
			path = "post-workout";
			sourceTree = "<group>";
		};
		91065F702B7A7E4700BC62E6 = {
			isa = PBXGroup;
			children = (
				91065F7B2B7A7E4700BC62E6 /* SmartWeights */,
				91065F932B7A7E4900BC62E6 /* SmartWeightsTests */,
				91065F9D2B7A7E4900BC62E6 /* SmartWeightsUITests */,
				91065F7A2B7A7E4700BC62E6 /* Products */,
			);
			sourceTree = "<group>";
		};
		91065F7A2B7A7E4700BC62E6 /* Products */ = {
			isa = PBXGroup;
			children = (
				91065F792B7A7E4700BC62E6 /* SmartWeights.app */,
				91065F902B7A7E4900BC62E6 /* SmartWeightsTests.xctest */,
				91065F9A2B7A7E4900BC62E6 /* SmartWeightsUITests.xctest */,
			);
			name = Products;
			sourceTree = "<group>";
		};
		91065F7B2B7A7E4700BC62E6 /* SmartWeights */ = {
			isa = PBXGroup;
			children = (
				32D8E1752B863C13000C62CA /* BarNavigation.swift */,
				32D8E1732B862B38000C62CA /* Navbar.swift */,
				32D8E1712B862B02000C62CA /* Homepage.swift */,
				321EF0442B83AAFA000A2D02 /* LoginPage.swift */,
				32E288582B83CD0900458FB1 /* post-workout */,
				B90B6FD82B7FACE2009866FD /* PetStore */,
				91065F7C2B7A7E4700BC62E6 /* SmartWeightsApp.swift */,
				91065F7E2B7A7E4700BC62E6 /* ContentView.swift */,
				91065F802B7A7E4900BC62E6 /* Assets.xcassets */,
				91065F852B7A7E4900BC62E6 /* Persistence.swift */,
				91065F8A2B7A7E4900BC62E6 /* SmartWeights.entitlements */,
				91065F8B2B7A7E4900BC62E6 /* Info.plist */,
				91065F872B7A7E4900BC62E6 /* SmartWeights.xcdatamodeld */,
				91065F822B7A7E4900BC62E6 /* Preview Content */,
				01B8E3D92B7FAE5C004375ED /* ChallengesTab.swift */,
			);
			path = SmartWeights;
			sourceTree = "<group>";
		};
		91065F822B7A7E4900BC62E6 /* Preview Content */ = {
			isa = PBXGroup;
			children = (
				91065F832B7A7E4900BC62E6 /* Preview Assets.xcassets */,
			);
			path = "Preview Content";
			sourceTree = "<group>";
		};
		91065F932B7A7E4900BC62E6 /* SmartWeightsTests */ = {
			isa = PBXGroup;
			children = (
				91065F942B7A7E4900BC62E6 /* SmartWeightsTests.swift */,
			);
			path = SmartWeightsTests;
			sourceTree = "<group>";
		};
		91065F9D2B7A7E4900BC62E6 /* SmartWeightsUITests */ = {
			isa = PBXGroup;
			children = (
				91065F9E2B7A7E4900BC62E6 /* SmartWeightsUITests.swift */,
				91065FA02B7A7E4900BC62E6 /* SmartWeightsUITestsLaunchTests.swift */,
			);
			path = SmartWeightsUITests;
			sourceTree = "<group>";
		};
		B90B6FD82B7FACE2009866FD /* PetStore */ = {
			isa = PBXGroup;
			children = (
				B90B6FD92B7FAD1C009866FD /* PetStore.swift */,
			);
			path = PetStore;
			sourceTree = "<group>";
		};
/* End PBXGroup section */

/* Begin PBXNativeTarget section */
		91065F782B7A7E4700BC62E6 /* SmartWeights */ = {
			isa = PBXNativeTarget;
			buildConfigurationList = 91065FA42B7A7E4900BC62E6 /* Build configuration list for PBXNativeTarget "SmartWeights" */;
			buildPhases = (
				91065F752B7A7E4700BC62E6 /* Sources */,
				91065F762B7A7E4700BC62E6 /* Frameworks */,
				91065F772B7A7E4700BC62E6 /* Resources */,
			);
			buildRules = (
			);
			dependencies = (
			);
			name = SmartWeights;
			productName = SmartWeights;
			productReference = 91065F792B7A7E4700BC62E6 /* SmartWeights.app */;
			productType = "com.apple.product-type.application";
		};
		91065F8F2B7A7E4900BC62E6 /* SmartWeightsTests */ = {
			isa = PBXNativeTarget;
			buildConfigurationList = 91065FA72B7A7E4900BC62E6 /* Build configuration list for PBXNativeTarget "SmartWeightsTests" */;
			buildPhases = (
				91065F8C2B7A7E4900BC62E6 /* Sources */,
				91065F8D2B7A7E4900BC62E6 /* Frameworks */,
				91065F8E2B7A7E4900BC62E6 /* Resources */,
			);
			buildRules = (
			);
			dependencies = (
				91065F922B7A7E4900BC62E6 /* PBXTargetDependency */,
			);
			name = SmartWeightsTests;
			productName = SmartWeightsTests;
			productReference = 91065F902B7A7E4900BC62E6 /* SmartWeightsTests.xctest */;
			productType = "com.apple.product-type.bundle.unit-test";
		};
		91065F992B7A7E4900BC62E6 /* SmartWeightsUITests */ = {
			isa = PBXNativeTarget;
			buildConfigurationList = 91065FAA2B7A7E4900BC62E6 /* Build configuration list for PBXNativeTarget "SmartWeightsUITests" */;
			buildPhases = (
				91065F962B7A7E4900BC62E6 /* Sources */,
				91065F972B7A7E4900BC62E6 /* Frameworks */,
				91065F982B7A7E4900BC62E6 /* Resources */,
			);
			buildRules = (
			);
			dependencies = (
				91065F9C2B7A7E4900BC62E6 /* PBXTargetDependency */,
			);
			name = SmartWeightsUITests;
			productName = SmartWeightsUITests;
			productReference = 91065F9A2B7A7E4900BC62E6 /* SmartWeightsUITests.xctest */;
			productType = "com.apple.product-type.bundle.ui-testing";
		};
/* End PBXNativeTarget section */

/* Begin PBXProject section */
		91065F712B7A7E4700BC62E6 /* Project object */ = {
			isa = PBXProject;
			attributes = {
				BuildIndependentTargetsInParallel = 1;
				LastSwiftUpdateCheck = 1520;
				LastUpgradeCheck = 1520;
				TargetAttributes = {
					91065F782B7A7E4700BC62E6 = {
						CreatedOnToolsVersion = 15.2;
					};
					91065F8F2B7A7E4900BC62E6 = {
						CreatedOnToolsVersion = 15.2;
						TestTargetID = 91065F782B7A7E4700BC62E6;
					};
					91065F992B7A7E4900BC62E6 = {
						CreatedOnToolsVersion = 15.2;
						TestTargetID = 91065F782B7A7E4700BC62E6;
					};
				};
			};
			buildConfigurationList = 91065F742B7A7E4700BC62E6 /* Build configuration list for PBXProject "SmartWeights" */;
			compatibilityVersion = "Xcode 14.0";
			developmentRegion = en;
			hasScannedForEncodings = 0;
			knownRegions = (
				en,
				Base,
			);
			mainGroup = 91065F702B7A7E4700BC62E6;
			productRefGroup = 91065F7A2B7A7E4700BC62E6 /* Products */;
			projectDirPath = "";
			projectRoot = "";
			targets = (
				91065F782B7A7E4700BC62E6 /* SmartWeights */,
				91065F8F2B7A7E4900BC62E6 /* SmartWeightsTests */,
				91065F992B7A7E4900BC62E6 /* SmartWeightsUITests */,
			);
		};
/* End PBXProject section */

/* Begin PBXResourcesBuildPhase section */
		91065F772B7A7E4700BC62E6 /* Resources */ = {
			isa = PBXResourcesBuildPhase;
			buildActionMask = 2147483647;
			files = (
				91065F842B7A7E4900BC62E6 /* Preview Assets.xcassets in Resources */,
				91065F812B7A7E4900BC62E6 /* Assets.xcassets in Resources */,
			);
			runOnlyForDeploymentPostprocessing = 0;
		};
		91065F8E2B7A7E4900BC62E6 /* Resources */ = {
			isa = PBXResourcesBuildPhase;
			buildActionMask = 2147483647;
			files = (
			);
			runOnlyForDeploymentPostprocessing = 0;
		};
		91065F982B7A7E4900BC62E6 /* Resources */ = {
			isa = PBXResourcesBuildPhase;
			buildActionMask = 2147483647;
			files = (
			);
			runOnlyForDeploymentPostprocessing = 0;
		};
/* End PBXResourcesBuildPhase section */

/* Begin PBXSourcesBuildPhase section */
		91065F752B7A7E4700BC62E6 /* Sources */ = {
			isa = PBXSourcesBuildPhase;
			buildActionMask = 2147483647;
			files = (
				B90B6FDA2B7FAD1C009866FD /* PetStore.swift in Sources */,
				91065F862B7A7E4900BC62E6 /* Persistence.swift in Sources */,
				32E2885E2B83CD6E00458FB1 /* PostWorkout.swift in Sources */,
				91065F7F2B7A7E4700BC62E6 /* ContentView.swift in Sources */,
				32E2885C2B83CD4300458FB1 /* WorkoutGraph.swift in Sources */,
				91065F7D2B7A7E4700BC62E6 /* SmartWeightsApp.swift in Sources */,
				321EF0452B83AAFA000A2D02 /* LoginPage.swift in Sources */,
				32D8E1722B862B02000C62CA /* Homepage.swift in Sources */,
				91065F892B7A7E4900BC62E6 /* SmartWeights.xcdatamodeld in Sources */,
				32D8E1742B862B38000C62CA /* Navbar.swift in Sources */,
				01B8E3DA2B7FAE5C004375ED /* ChallengesTab.swift in Sources */,
				32D8E1762B863C13000C62CA /* BarNavigation.swift in Sources */,
				32E2885A2B83CD2800458FB1 /* Calendar.swift in Sources */,
			);
			runOnlyForDeploymentPostprocessing = 0;
		};
		91065F8C2B7A7E4900BC62E6 /* Sources */ = {
			isa = PBXSourcesBuildPhase;
			buildActionMask = 2147483647;
			files = (
				91065F952B7A7E4900BC62E6 /* SmartWeightsTests.swift in Sources */,
			);
			runOnlyForDeploymentPostprocessing = 0;
		};
		91065F962B7A7E4900BC62E6 /* Sources */ = {
			isa = PBXSourcesBuildPhase;
			buildActionMask = 2147483647;
			files = (
				91065FA12B7A7E4900BC62E6 /* SmartWeightsUITestsLaunchTests.swift in Sources */,
				91065F9F2B7A7E4900BC62E6 /* SmartWeightsUITests.swift in Sources */,
			);
			runOnlyForDeploymentPostprocessing = 0;
		};
/* End PBXSourcesBuildPhase section */

/* Begin PBXTargetDependency section */
		91065F922B7A7E4900BC62E6 /* PBXTargetDependency */ = {
			isa = PBXTargetDependency;
			target = 91065F782B7A7E4700BC62E6 /* SmartWeights */;
			targetProxy = 91065F912B7A7E4900BC62E6 /* PBXContainerItemProxy */;
		};
		91065F9C2B7A7E4900BC62E6 /* PBXTargetDependency */ = {
			isa = PBXTargetDependency;
			target = 91065F782B7A7E4700BC62E6 /* SmartWeights */;
			targetProxy = 91065F9B2B7A7E4900BC62E6 /* PBXContainerItemProxy */;
		};
/* End PBXTargetDependency section */

/* Begin XCBuildConfiguration section */
		91065FA22B7A7E4900BC62E6 /* Debug */ = {
			isa = XCBuildConfiguration;
			buildSettings = {
				ALWAYS_SEARCH_USER_PATHS = NO;
				ASSETCATALOG_COMPILER_GENERATE_SWIFT_ASSET_SYMBOL_EXTENSIONS = YES;
				CLANG_ANALYZER_NONNULL = YES;
				CLANG_ANALYZER_NUMBER_OBJECT_CONVERSION = YES_AGGRESSIVE;
				CLANG_CXX_LANGUAGE_STANDARD = "gnu++20";
				CLANG_ENABLE_MODULES = YES;
				CLANG_ENABLE_OBJC_ARC = YES;
				CLANG_ENABLE_OBJC_WEAK = YES;
				CLANG_WARN_BLOCK_CAPTURE_AUTORELEASING = YES;
				CLANG_WARN_BOOL_CONVERSION = YES;
				CLANG_WARN_COMMA = YES;
				CLANG_WARN_CONSTANT_CONVERSION = YES;
				CLANG_WARN_DEPRECATED_OBJC_IMPLEMENTATIONS = YES;
				CLANG_WARN_DIRECT_OBJC_ISA_USAGE = YES_ERROR;
				CLANG_WARN_DOCUMENTATION_COMMENTS = YES;
				CLANG_WARN_EMPTY_BODY = YES;
				CLANG_WARN_ENUM_CONVERSION = YES;
				CLANG_WARN_INFINITE_RECURSION = YES;
				CLANG_WARN_INT_CONVERSION = YES;
				CLANG_WARN_NON_LITERAL_NULL_CONVERSION = YES;
				CLANG_WARN_OBJC_IMPLICIT_RETAIN_SELF = YES;
				CLANG_WARN_OBJC_LITERAL_CONVERSION = YES;
				CLANG_WARN_OBJC_ROOT_CLASS = YES_ERROR;
				CLANG_WARN_QUOTED_INCLUDE_IN_FRAMEWORK_HEADER = YES;
				CLANG_WARN_RANGE_LOOP_ANALYSIS = YES;
				CLANG_WARN_STRICT_PROTOTYPES = YES;
				CLANG_WARN_SUSPICIOUS_MOVE = YES;
				CLANG_WARN_UNGUARDED_AVAILABILITY = YES_AGGRESSIVE;
				CLANG_WARN_UNREACHABLE_CODE = YES;
				CLANG_WARN__DUPLICATE_METHOD_MATCH = YES;
				COPY_PHASE_STRIP = NO;
				DEBUG_INFORMATION_FORMAT = dwarf;
				ENABLE_STRICT_OBJC_MSGSEND = YES;
				ENABLE_TESTABILITY = YES;
				ENABLE_USER_SCRIPT_SANDBOXING = YES;
				GCC_C_LANGUAGE_STANDARD = gnu17;
				GCC_DYNAMIC_NO_PIC = NO;
				GCC_NO_COMMON_BLOCKS = YES;
				GCC_OPTIMIZATION_LEVEL = 0;
				GCC_PREPROCESSOR_DEFINITIONS = (
					"DEBUG=1",
					"$(inherited)",
				);
				GCC_WARN_64_TO_32_BIT_CONVERSION = YES;
				GCC_WARN_ABOUT_RETURN_TYPE = YES_ERROR;
				GCC_WARN_UNDECLARED_SELECTOR = YES;
				GCC_WARN_UNINITIALIZED_AUTOS = YES_AGGRESSIVE;
				GCC_WARN_UNUSED_FUNCTION = YES;
				GCC_WARN_UNUSED_VARIABLE = YES;
				IPHONEOS_DEPLOYMENT_TARGET = 17.2;
				LOCALIZATION_PREFERS_STRING_CATALOGS = YES;
				MTL_ENABLE_DEBUG_INFO = INCLUDE_SOURCE;
				MTL_FAST_MATH = YES;
				ONLY_ACTIVE_ARCH = YES;
				SDKROOT = iphoneos;
				SWIFT_ACTIVE_COMPILATION_CONDITIONS = "DEBUG $(inherited)";
				SWIFT_OPTIMIZATION_LEVEL = "-Onone";
			};
			name = Debug;
		};
		91065FA32B7A7E4900BC62E6 /* Release */ = {
			isa = XCBuildConfiguration;
			buildSettings = {
				ALWAYS_SEARCH_USER_PATHS = NO;
				ASSETCATALOG_COMPILER_GENERATE_SWIFT_ASSET_SYMBOL_EXTENSIONS = YES;
				CLANG_ANALYZER_NONNULL = YES;
				CLANG_ANALYZER_NUMBER_OBJECT_CONVERSION = YES_AGGRESSIVE;
				CLANG_CXX_LANGUAGE_STANDARD = "gnu++20";
				CLANG_ENABLE_MODULES = YES;
				CLANG_ENABLE_OBJC_ARC = YES;
				CLANG_ENABLE_OBJC_WEAK = YES;
				CLANG_WARN_BLOCK_CAPTURE_AUTORELEASING = YES;
				CLANG_WARN_BOOL_CONVERSION = YES;
				CLANG_WARN_COMMA = YES;
				CLANG_WARN_CONSTANT_CONVERSION = YES;
				CLANG_WARN_DEPRECATED_OBJC_IMPLEMENTATIONS = YES;
				CLANG_WARN_DIRECT_OBJC_ISA_USAGE = YES_ERROR;
				CLANG_WARN_DOCUMENTATION_COMMENTS = YES;
				CLANG_WARN_EMPTY_BODY = YES;
				CLANG_WARN_ENUM_CONVERSION = YES;
				CLANG_WARN_INFINITE_RECURSION = YES;
				CLANG_WARN_INT_CONVERSION = YES;
				CLANG_WARN_NON_LITERAL_NULL_CONVERSION = YES;
				CLANG_WARN_OBJC_IMPLICIT_RETAIN_SELF = YES;
				CLANG_WARN_OBJC_LITERAL_CONVERSION = YES;
				CLANG_WARN_OBJC_ROOT_CLASS = YES_ERROR;
				CLANG_WARN_QUOTED_INCLUDE_IN_FRAMEWORK_HEADER = YES;
				CLANG_WARN_RANGE_LOOP_ANALYSIS = YES;
				CLANG_WARN_STRICT_PROTOTYPES = YES;
				CLANG_WARN_SUSPICIOUS_MOVE = YES;
				CLANG_WARN_UNGUARDED_AVAILABILITY = YES_AGGRESSIVE;
				CLANG_WARN_UNREACHABLE_CODE = YES;
				CLANG_WARN__DUPLICATE_METHOD_MATCH = YES;
				COPY_PHASE_STRIP = NO;
				DEBUG_INFORMATION_FORMAT = "dwarf-with-dsym";
				ENABLE_NS_ASSERTIONS = NO;
				ENABLE_STRICT_OBJC_MSGSEND = YES;
				ENABLE_USER_SCRIPT_SANDBOXING = YES;
				GCC_C_LANGUAGE_STANDARD = gnu17;
				GCC_NO_COMMON_BLOCKS = YES;
				GCC_WARN_64_TO_32_BIT_CONVERSION = YES;
				GCC_WARN_ABOUT_RETURN_TYPE = YES_ERROR;
				GCC_WARN_UNDECLARED_SELECTOR = YES;
				GCC_WARN_UNINITIALIZED_AUTOS = YES_AGGRESSIVE;
				GCC_WARN_UNUSED_FUNCTION = YES;
				GCC_WARN_UNUSED_VARIABLE = YES;
				IPHONEOS_DEPLOYMENT_TARGET = 17.2;
				LOCALIZATION_PREFERS_STRING_CATALOGS = YES;
				MTL_ENABLE_DEBUG_INFO = NO;
				MTL_FAST_MATH = YES;
				SDKROOT = iphoneos;
				SWIFT_COMPILATION_MODE = wholemodule;
				VALIDATE_PRODUCT = YES;
			};
			name = Release;
		};
		91065FA52B7A7E4900BC62E6 /* Debug */ = {
			isa = XCBuildConfiguration;
			buildSettings = {
				ASSETCATALOG_COMPILER_APPICON_NAME = AppIcon;
				ASSETCATALOG_COMPILER_GLOBAL_ACCENT_COLOR_NAME = AccentColor;
				CODE_SIGN_ENTITLEMENTS = SmartWeights/SmartWeights.entitlements;
				CODE_SIGN_STYLE = Automatic;
				CURRENT_PROJECT_VERSION = 1;
				DEVELOPMENT_ASSET_PATHS = "\"SmartWeights/Preview Content\"";
				ENABLE_PREVIEWS = YES;
				GENERATE_INFOPLIST_FILE = YES;
				INFOPLIST_FILE = SmartWeights/Info.plist;
				INFOPLIST_KEY_UIApplicationSceneManifest_Generation = YES;
				INFOPLIST_KEY_UIApplicationSupportsIndirectInputEvents = YES;
				INFOPLIST_KEY_UILaunchScreen_Generation = YES;
				INFOPLIST_KEY_UISupportedInterfaceOrientations_iPad = "UIInterfaceOrientationPortrait UIInterfaceOrientationPortraitUpsideDown UIInterfaceOrientationLandscapeLeft UIInterfaceOrientationLandscapeRight";
				INFOPLIST_KEY_UISupportedInterfaceOrientations_iPhone = "UIInterfaceOrientationPortrait UIInterfaceOrientationLandscapeLeft UIInterfaceOrientationLandscapeRight";
				LD_RUNPATH_SEARCH_PATHS = (
					"$(inherited)",
					"@executable_path/Frameworks",
				);
				MARKETING_VERSION = 1.0;
				PRODUCT_BUNDLE_IDENTIFIER = CIS4398.SmartWeights;
				PRODUCT_NAME = "$(TARGET_NAME)";
				SWIFT_EMIT_LOC_STRINGS = YES;
				SWIFT_VERSION = 5.0;
				TARGETED_DEVICE_FAMILY = "1,2";
			};
			name = Debug;
		};
		91065FA62B7A7E4900BC62E6 /* Release */ = {
			isa = XCBuildConfiguration;
			buildSettings = {
				ASSETCATALOG_COMPILER_APPICON_NAME = AppIcon;
				ASSETCATALOG_COMPILER_GLOBAL_ACCENT_COLOR_NAME = AccentColor;
				CODE_SIGN_ENTITLEMENTS = SmartWeights/SmartWeights.entitlements;
				CODE_SIGN_STYLE = Automatic;
				CURRENT_PROJECT_VERSION = 1;
				DEVELOPMENT_ASSET_PATHS = "\"SmartWeights/Preview Content\"";
				ENABLE_PREVIEWS = YES;
				GENERATE_INFOPLIST_FILE = YES;
				INFOPLIST_FILE = SmartWeights/Info.plist;
				INFOPLIST_KEY_UIApplicationSceneManifest_Generation = YES;
				INFOPLIST_KEY_UIApplicationSupportsIndirectInputEvents = YES;
				INFOPLIST_KEY_UILaunchScreen_Generation = YES;
				INFOPLIST_KEY_UISupportedInterfaceOrientations_iPad = "UIInterfaceOrientationPortrait UIInterfaceOrientationPortraitUpsideDown UIInterfaceOrientationLandscapeLeft UIInterfaceOrientationLandscapeRight";
				INFOPLIST_KEY_UISupportedInterfaceOrientations_iPhone = "UIInterfaceOrientationPortrait UIInterfaceOrientationLandscapeLeft UIInterfaceOrientationLandscapeRight";
				LD_RUNPATH_SEARCH_PATHS = (
					"$(inherited)",
					"@executable_path/Frameworks",
				);
				MARKETING_VERSION = 1.0;
				PRODUCT_BUNDLE_IDENTIFIER = CIS4398.SmartWeights;
				PRODUCT_NAME = "$(TARGET_NAME)";
				SWIFT_EMIT_LOC_STRINGS = YES;
				SWIFT_VERSION = 5.0;
				TARGETED_DEVICE_FAMILY = "1,2";
			};
			name = Release;
		};
		91065FA82B7A7E4900BC62E6 /* Debug */ = {
			isa = XCBuildConfiguration;
			buildSettings = {
				ALWAYS_EMBED_SWIFT_STANDARD_LIBRARIES = YES;
				BUNDLE_LOADER = "$(TEST_HOST)";
				CODE_SIGN_STYLE = Automatic;
				CURRENT_PROJECT_VERSION = 1;
				GENERATE_INFOPLIST_FILE = YES;
				IPHONEOS_DEPLOYMENT_TARGET = 17.2;
				MARKETING_VERSION = 1.0;
				PRODUCT_BUNDLE_IDENTIFIER = CIS4398.SmartWeightsTests;
				PRODUCT_NAME = "$(TARGET_NAME)";
				SWIFT_EMIT_LOC_STRINGS = NO;
				SWIFT_VERSION = 5.0;
				TARGETED_DEVICE_FAMILY = "1,2";
				TEST_HOST = "$(BUILT_PRODUCTS_DIR)/SmartWeights.app/$(BUNDLE_EXECUTABLE_FOLDER_PATH)/SmartWeights";
			};
			name = Debug;
		};
		91065FA92B7A7E4900BC62E6 /* Release */ = {
			isa = XCBuildConfiguration;
			buildSettings = {
				ALWAYS_EMBED_SWIFT_STANDARD_LIBRARIES = YES;
				BUNDLE_LOADER = "$(TEST_HOST)";
				CODE_SIGN_STYLE = Automatic;
				CURRENT_PROJECT_VERSION = 1;
				GENERATE_INFOPLIST_FILE = YES;
				IPHONEOS_DEPLOYMENT_TARGET = 17.2;
				MARKETING_VERSION = 1.0;
				PRODUCT_BUNDLE_IDENTIFIER = CIS4398.SmartWeightsTests;
				PRODUCT_NAME = "$(TARGET_NAME)";
				SWIFT_EMIT_LOC_STRINGS = NO;
				SWIFT_VERSION = 5.0;
				TARGETED_DEVICE_FAMILY = "1,2";
				TEST_HOST = "$(BUILT_PRODUCTS_DIR)/SmartWeights.app/$(BUNDLE_EXECUTABLE_FOLDER_PATH)/SmartWeights";
			};
			name = Release;
		};
		91065FAB2B7A7E4900BC62E6 /* Debug */ = {
			isa = XCBuildConfiguration;
			buildSettings = {
				ALWAYS_EMBED_SWIFT_STANDARD_LIBRARIES = YES;
				CODE_SIGN_STYLE = Automatic;
				CURRENT_PROJECT_VERSION = 1;
				GENERATE_INFOPLIST_FILE = YES;
				MARKETING_VERSION = 1.0;
				PRODUCT_BUNDLE_IDENTIFIER = CIS4398.SmartWeightsUITests;
				PRODUCT_NAME = "$(TARGET_NAME)";
				SWIFT_EMIT_LOC_STRINGS = NO;
				SWIFT_VERSION = 5.0;
				TARGETED_DEVICE_FAMILY = "1,2";
				TEST_TARGET_NAME = SmartWeights;
			};
			name = Debug;
		};
		91065FAC2B7A7E4900BC62E6 /* Release */ = {
			isa = XCBuildConfiguration;
			buildSettings = {
				ALWAYS_EMBED_SWIFT_STANDARD_LIBRARIES = YES;
				CODE_SIGN_STYLE = Automatic;
				CURRENT_PROJECT_VERSION = 1;
				GENERATE_INFOPLIST_FILE = YES;
				MARKETING_VERSION = 1.0;
				PRODUCT_BUNDLE_IDENTIFIER = CIS4398.SmartWeightsUITests;
				PRODUCT_NAME = "$(TARGET_NAME)";
				SWIFT_EMIT_LOC_STRINGS = NO;
				SWIFT_VERSION = 5.0;
				TARGETED_DEVICE_FAMILY = "1,2";
				TEST_TARGET_NAME = SmartWeights;
			};
			name = Release;
		};
/* End XCBuildConfiguration section */

/* Begin XCConfigurationList section */
		91065F742B7A7E4700BC62E6 /* Build configuration list for PBXProject "SmartWeights" */ = {
			isa = XCConfigurationList;
			buildConfigurations = (
				91065FA22B7A7E4900BC62E6 /* Debug */,
				91065FA32B7A7E4900BC62E6 /* Release */,
			);
			defaultConfigurationIsVisible = 0;
			defaultConfigurationName = Release;
		};
		91065FA42B7A7E4900BC62E6 /* Build configuration list for PBXNativeTarget "SmartWeights" */ = {
			isa = XCConfigurationList;
			buildConfigurations = (
				91065FA52B7A7E4900BC62E6 /* Debug */,
				91065FA62B7A7E4900BC62E6 /* Release */,
			);
			defaultConfigurationIsVisible = 0;
			defaultConfigurationName = Release;
		};
		91065FA72B7A7E4900BC62E6 /* Build configuration list for PBXNativeTarget "SmartWeightsTests" */ = {
			isa = XCConfigurationList;
			buildConfigurations = (
				91065FA82B7A7E4900BC62E6 /* Debug */,
				91065FA92B7A7E4900BC62E6 /* Release */,
			);
			defaultConfigurationIsVisible = 0;
			defaultConfigurationName = Release;
		};
		91065FAA2B7A7E4900BC62E6 /* Build configuration list for PBXNativeTarget "SmartWeightsUITests" */ = {
			isa = XCConfigurationList;
			buildConfigurations = (
				91065FAB2B7A7E4900BC62E6 /* Debug */,
				91065FAC2B7A7E4900BC62E6 /* Release */,
			);
			defaultConfigurationIsVisible = 0;
			defaultConfigurationName = Release;
		};
/* End XCConfigurationList section */

/* Begin XCVersionGroup section */
		91065F872B7A7E4900BC62E6 /* SmartWeights.xcdatamodeld */ = {
			isa = XCVersionGroup;
			children = (
				91065F882B7A7E4900BC62E6 /* SmartWeights.xcdatamodel */,
			);
			currentVersion = 91065F882B7A7E4900BC62E6 /* SmartWeights.xcdatamodel */;
			path = SmartWeights.xcdatamodeld;
			sourceTree = "<group>";
			versionGroupType = wrapper.xcdatamodel;
		};
/* End XCVersionGroup section */
	};
	rootObject = 91065F712B7A7E4700BC62E6 /* Project object */;
}
