// !$*UTF8*$!
{
	archiveVersion = 1;
	classes = {
	};
	objectVersion = 56;
	objects = {

/* Begin PBXBuildFile section */
		0140238D2B91702300D6935D /* SettingsPageView.swift in Sources */ = {isa = PBXBuildFile; fileRef = 0140238C2B91702300D6935D /* SettingsPageView.swift */; };
		01A6B0BE2B88F16500D84920 /* MorePageView.swift in Sources */ = {isa = PBXBuildFile; fileRef = 01A6B0BD2B88F16500D84920 /* MorePageView.swift */; };
		01B8E3DA2B7FAE5C004375ED /* ChallengesTab.swift in Sources */ = {isa = PBXBuildFile; fileRef = 01B8E3D92B7FAE5C004375ED /* ChallengesTab.swift */; };
		3202761E2B892D2C001A86B8 /* CustomProgressView.swift in Sources */ = {isa = PBXBuildFile; fileRef = 3202761D2B892D2C001A86B8 /* CustomProgressView.swift */; };
		320276222B892D55001A86B8 /* Pet_page.swift in Sources */ = {isa = PBXBuildFile; fileRef = 320276212B892D55001A86B8 /* Pet_page.swift */; };
		321EF0452B83AAFA000A2D02 /* LoginPage.swift in Sources */ = {isa = PBXBuildFile; fileRef = 321EF0442B83AAFA000A2D02 /* LoginPage.swift */; };
		322B4C052B90CACE00620F4F /* PetPageTest.swift in Sources */ = {isa = PBXBuildFile; fileRef = 322B4C042B90CACE00620F4F /* PetPageTest.swift */; };
		322B4C082B90CB7500620F4F /* PetPageUITests.swift in Sources */ = {isa = PBXBuildFile; fileRef = 322B4C072B90CB7500620F4F /* PetPageUITests.swift */; };
		327C4B022BA9C38800E160EE /* Inventory_Customize_page.swift in Sources */ = {isa = PBXBuildFile; fileRef = 327C4B012BA9C38800E160EE /* Inventory_Customize_page.swift */; };
		32BDE8F02B8C1381003A5F5A /* Homepage.swift in Sources */ = {isa = PBXBuildFile; fileRef = 32BDE8EF2B8C1381003A5F5A /* Homepage.swift */; };
		32E2885A2B83CD2800458FB1 /* Calendar.swift in Sources */ = {isa = PBXBuildFile; fileRef = 32E288592B83CD2800458FB1 /* Calendar.swift */; };
		32E2885C2B83CD4300458FB1 /* OverallProgressGraph.swift in Sources */ = {isa = PBXBuildFile; fileRef = 32E2885B2B83CD4300458FB1 /* OverallProgressGraph.swift */; };
		32E2885E2B83CD6E00458FB1 /* OverallProgress.swift in Sources */ = {isa = PBXBuildFile; fileRef = 32E2885D2B83CD6E00458FB1 /* OverallProgress.swift */; };
		6B8762AB2BA26891005627CE /* CloudKitManager.swift in Sources */ = {isa = PBXBuildFile; fileRef = 6B8762A92BA26891005627CE /* CloudKitManager.swift */; };
		6B8762AC2BA26891005627CE /* UserRecordManager.swift in Sources */ = {isa = PBXBuildFile; fileRef = 6B8762AA2BA26891005627CE /* UserRecordManager.swift */; };
		6B8762AE2BA485C7005627CE /* CloudKitService.swift in Sources */ = {isa = PBXBuildFile; fileRef = 6B8762AD2BA485C7005627CE /* CloudKitService.swift */; };
		6B98A7182BA8952500856271 /* ItemModel.swift in Sources */ = {isa = PBXBuildFile; fileRef = 6B98A7172BA8952500856271 /* ItemModel.swift */; };
		6B98A71A2BA8956D00856271 /* ItemViewModel.swift in Sources */ = {isa = PBXBuildFile; fileRef = 6B98A7192BA8956D00856271 /* ItemViewModel.swift */; };
		6B98A71C2BA895AB00856271 /* ItemView.swift in Sources */ = {isa = PBXBuildFile; fileRef = 6B98A71B2BA895AB00856271 /* ItemView.swift */; };
		6B98A7242BAA223F00856271 /* TestDB.swift in Sources */ = {isa = PBXBuildFile; fileRef = 6B98A7232BAA223F00856271 /* TestDB.swift */; };
		6BA2DC482B90FCF500A998FC /* CloudKitTest.swift in Sources */ = {isa = PBXBuildFile; fileRef = 6BA2DC472B90FCF500A998FC /* CloudKitTest.swift */; };
		6BC8E5722BB097CA00A9CB8C /* VoiceRecognitionViewModel.swift in Sources */ = {isa = PBXBuildFile; fileRef = 6BC8E5712BB097CA00A9CB8C /* VoiceRecognitionViewModel.swift */; };
		91065F7D2B7A7E4700BC62E6 /* SmartWeightsApp.swift in Sources */ = {isa = PBXBuildFile; fileRef = 91065F7C2B7A7E4700BC62E6 /* SmartWeightsApp.swift */; };
		91065F7F2B7A7E4700BC62E6 /* ContentView.swift in Sources */ = {isa = PBXBuildFile; fileRef = 91065F7E2B7A7E4700BC62E6 /* ContentView.swift */; };
		91065F812B7A7E4900BC62E6 /* Assets.xcassets in Resources */ = {isa = PBXBuildFile; fileRef = 91065F802B7A7E4900BC62E6 /* Assets.xcassets */; };
		91065F842B7A7E4900BC62E6 /* Preview Assets.xcassets in Resources */ = {isa = PBXBuildFile; fileRef = 91065F832B7A7E4900BC62E6 /* Preview Assets.xcassets */; };
		91065F862B7A7E4900BC62E6 /* Persistence.swift in Sources */ = {isa = PBXBuildFile; fileRef = 91065F852B7A7E4900BC62E6 /* Persistence.swift */; };
		91065F892B7A7E4900BC62E6 /* SmartWeights.xcdatamodeld in Sources */ = {isa = PBXBuildFile; fileRef = 91065F872B7A7E4900BC62E6 /* SmartWeights.xcdatamodeld */; };
		91065F952B7A7E4900BC62E6 /* SmartWeightsTests.swift in Sources */ = {isa = PBXBuildFile; fileRef = 91065F942B7A7E4900BC62E6 /* SmartWeightsTests.swift */; };
		91065F9F2B7A7E4900BC62E6 /* SmartWeightsUITests.swift in Sources */ = {isa = PBXBuildFile; fileRef = 91065F9E2B7A7E4900BC62E6 /* SmartWeightsUITests.swift */; };
		91065FA12B7A7E4900BC62E6 /* SmartWeightsUITestsLaunchTests.swift in Sources */ = {isa = PBXBuildFile; fileRef = 91065FA02B7A7E4900BC62E6 /* SmartWeightsUITestsLaunchTests.swift */; };
		9118993A2B8CE1300071232A /* StartWorkout.swift in Sources */ = {isa = PBXBuildFile; fileRef = 911899392B8CE1300071232A /* StartWorkout.swift */; };
		9118993C2B8CE1400071232A /* WorkoutFeedback.swift in Sources */ = {isa = PBXBuildFile; fileRef = 9118993B2B8CE1400071232A /* WorkoutFeedback.swift */; };
		9118993E2B8CE1570071232A /* WorkoutMainPage.swift in Sources */ = {isa = PBXBuildFile; fileRef = 9118993D2B8CE1570071232A /* WorkoutMainPage.swift */; };
		912241712B90EA9F00D03638 /* WorkoutUITests.swift in Sources */ = {isa = PBXBuildFile; fileRef = 912241702B90EA9F00D03638 /* WorkoutUITests.swift */; };
		918037962BA9026700802D01 /* central.swift in Sources */ = {isa = PBXBuildFile; fileRef = 918037952BA9026700802D01 /* central.swift */; };
		B90B6FDA2B7FAD1C009866FD /* PetStore.swift in Sources */ = {isa = PBXBuildFile; fileRef = B90B6FD92B7FAD1C009866FD /* PetStore.swift */; };
		B9A4764C2B8F86DA0062CBB6 /* SelectFirstPet.swift in Sources */ = {isa = PBXBuildFile; fileRef = B9A4764B2B8F86DA0062CBB6 /* SelectFirstPet.swift */; };
		E56BD7D82BAFA2C300863D4D /* TabBar.swift in Sources */ = {isa = PBXBuildFile; fileRef = E56BD7D72BAFA2C300863D4D /* TabBar.swift */; };
		E56BD7DB2BAFB0F400863D4D /* ColorExtension.swift in Sources */ = {isa = PBXBuildFile; fileRef = E56BD7DA2BAFB0F400863D4D /* ColorExtension.swift */; };
		E5B86DB32B91033400A0AD04 /* navbarUITests.swift in Sources */ = {isa = PBXBuildFile; fileRef = E5B86DB22B91033400A0AD04 /* navbarUITests.swift */; };
/* End PBXBuildFile section */

/* Begin PBXContainerItemProxy section */
		91065F912B7A7E4900BC62E6 /* PBXContainerItemProxy */ = {
			isa = PBXContainerItemProxy;
			containerPortal = 91065F712B7A7E4700BC62E6 /* Project object */;
			proxyType = 1;
			remoteGlobalIDString = 91065F782B7A7E4700BC62E6;
			remoteInfo = SmartWeights;
		};
		91065F9B2B7A7E4900BC62E6 /* PBXContainerItemProxy */ = {
			isa = PBXContainerItemProxy;
			containerPortal = 91065F712B7A7E4700BC62E6 /* Project object */;
			proxyType = 1;
			remoteGlobalIDString = 91065F782B7A7E4700BC62E6;
			remoteInfo = SmartWeights;
		};
/* End PBXContainerItemProxy section */

/* Begin PBXFileReference section */
		0140238C2B91702300D6935D /* SettingsPageView.swift */ = {isa = PBXFileReference; lastKnownFileType = sourcecode.swift; path = SettingsPageView.swift; sourceTree = "<group>"; };
		01A6B0BD2B88F16500D84920 /* MorePageView.swift */ = {isa = PBXFileReference; lastKnownFileType = sourcecode.swift; path = MorePageView.swift; sourceTree = "<group>"; };
		01B8E3D92B7FAE5C004375ED /* ChallengesTab.swift */ = {isa = PBXFileReference; lastKnownFileType = sourcecode.swift; path = ChallengesTab.swift; sourceTree = "<group>"; };
		3202761D2B892D2C001A86B8 /* CustomProgressView.swift */ = {isa = PBXFileReference; lastKnownFileType = sourcecode.swift; path = CustomProgressView.swift; sourceTree = "<group>"; };
		320276212B892D55001A86B8 /* Pet_page.swift */ = {isa = PBXFileReference; lastKnownFileType = sourcecode.swift; path = Pet_page.swift; sourceTree = "<group>"; };
		321EF0442B83AAFA000A2D02 /* LoginPage.swift */ = {isa = PBXFileReference; lastKnownFileType = sourcecode.swift; path = LoginPage.swift; sourceTree = "<group>"; };
		322B4C042B90CACE00620F4F /* PetPageTest.swift */ = {isa = PBXFileReference; lastKnownFileType = sourcecode.swift; path = PetPageTest.swift; sourceTree = "<group>"; };
		322B4C072B90CB7500620F4F /* PetPageUITests.swift */ = {isa = PBXFileReference; lastKnownFileType = sourcecode.swift; path = PetPageUITests.swift; sourceTree = "<group>"; };
		327C4B012BA9C38800E160EE /* Inventory_Customize_page.swift */ = {isa = PBXFileReference; lastKnownFileType = sourcecode.swift; path = Inventory_Customize_page.swift; sourceTree = "<group>"; };
		32BDE8EF2B8C1381003A5F5A /* Homepage.swift */ = {isa = PBXFileReference; lastKnownFileType = sourcecode.swift; path = Homepage.swift; sourceTree = "<group>"; };
		32E288592B83CD2800458FB1 /* Calendar.swift */ = {isa = PBXFileReference; lastKnownFileType = sourcecode.swift; path = Calendar.swift; sourceTree = "<group>"; };
		32E2885B2B83CD4300458FB1 /* OverallProgressGraph.swift */ = {isa = PBXFileReference; lastKnownFileType = sourcecode.swift; path = OverallProgressGraph.swift; sourceTree = "<group>"; };
		32E2885D2B83CD6E00458FB1 /* OverallProgress.swift */ = {isa = PBXFileReference; lastKnownFileType = sourcecode.swift; path = OverallProgress.swift; sourceTree = "<group>"; };
		6B8762A92BA26891005627CE /* CloudKitManager.swift */ = {isa = PBXFileReference; fileEncoding = 4; lastKnownFileType = sourcecode.swift; path = CloudKitManager.swift; sourceTree = "<group>"; };
		6B8762AA2BA26891005627CE /* UserRecordManager.swift */ = {isa = PBXFileReference; fileEncoding = 4; lastKnownFileType = sourcecode.swift; path = UserRecordManager.swift; sourceTree = "<group>"; };
		6B8762AD2BA485C7005627CE /* CloudKitService.swift */ = {isa = PBXFileReference; lastKnownFileType = sourcecode.swift; path = CloudKitService.swift; sourceTree = "<group>"; };
		6B98A7172BA8952500856271 /* ItemModel.swift */ = {isa = PBXFileReference; lastKnownFileType = sourcecode.swift; path = ItemModel.swift; sourceTree = "<group>"; };
		6B98A7192BA8956D00856271 /* ItemViewModel.swift */ = {isa = PBXFileReference; lastKnownFileType = sourcecode.swift; path = ItemViewModel.swift; sourceTree = "<group>"; };
		6B98A71B2BA895AB00856271 /* ItemView.swift */ = {isa = PBXFileReference; lastKnownFileType = sourcecode.swift; path = ItemView.swift; sourceTree = "<group>"; };
		6B98A7232BAA223F00856271 /* TestDB.swift */ = {isa = PBXFileReference; lastKnownFileType = sourcecode.swift; path = TestDB.swift; sourceTree = "<group>"; };
		6BA2DC472B90FCF500A998FC /* CloudKitTest.swift */ = {isa = PBXFileReference; lastKnownFileType = sourcecode.swift; path = CloudKitTest.swift; sourceTree = "<group>"; };
		6BC8E5712BB097CA00A9CB8C /* VoiceRecognitionViewModel.swift */ = {isa = PBXFileReference; lastKnownFileType = sourcecode.swift; path = VoiceRecognitionViewModel.swift; sourceTree = "<group>"; };
		91065F792B7A7E4700BC62E6 /* SmartWeights.app */ = {isa = PBXFileReference; explicitFileType = wrapper.application; includeInIndex = 0; path = SmartWeights.app; sourceTree = BUILT_PRODUCTS_DIR; };
		91065F7C2B7A7E4700BC62E6 /* SmartWeightsApp.swift */ = {isa = PBXFileReference; lastKnownFileType = sourcecode.swift; path = SmartWeightsApp.swift; sourceTree = "<group>"; };
		91065F7E2B7A7E4700BC62E6 /* ContentView.swift */ = {isa = PBXFileReference; lastKnownFileType = sourcecode.swift; path = ContentView.swift; sourceTree = "<group>"; };
		91065F802B7A7E4900BC62E6 /* Assets.xcassets */ = {isa = PBXFileReference; lastKnownFileType = folder.assetcatalog; path = Assets.xcassets; sourceTree = "<group>"; };
		91065F832B7A7E4900BC62E6 /* Preview Assets.xcassets */ = {isa = PBXFileReference; lastKnownFileType = folder.assetcatalog; path = "Preview Assets.xcassets"; sourceTree = "<group>"; };
		91065F852B7A7E4900BC62E6 /* Persistence.swift */ = {isa = PBXFileReference; lastKnownFileType = sourcecode.swift; path = Persistence.swift; sourceTree = "<group>"; };
		91065F882B7A7E4900BC62E6 /* SmartWeights.xcdatamodel */ = {isa = PBXFileReference; lastKnownFileType = wrapper.xcdatamodel; path = SmartWeights.xcdatamodel; sourceTree = "<group>"; };
		91065F8A2B7A7E4900BC62E6 /* SmartWeights.entitlements */ = {isa = PBXFileReference; lastKnownFileType = text.plist.entitlements; path = SmartWeights.entitlements; sourceTree = "<group>"; };
		91065F8B2B7A7E4900BC62E6 /* Info.plist */ = {isa = PBXFileReference; lastKnownFileType = text.plist.xml; path = Info.plist; sourceTree = "<group>"; };
		91065F902B7A7E4900BC62E6 /* SmartWeightsTests.xctest */ = {isa = PBXFileReference; explicitFileType = wrapper.cfbundle; includeInIndex = 0; path = SmartWeightsTests.xctest; sourceTree = BUILT_PRODUCTS_DIR; };
		91065F942B7A7E4900BC62E6 /* SmartWeightsTests.swift */ = {isa = PBXFileReference; lastKnownFileType = sourcecode.swift; path = SmartWeightsTests.swift; sourceTree = "<group>"; };
		91065F9A2B7A7E4900BC62E6 /* SmartWeightsUITests.xctest */ = {isa = PBXFileReference; explicitFileType = wrapper.cfbundle; includeInIndex = 0; path = SmartWeightsUITests.xctest; sourceTree = BUILT_PRODUCTS_DIR; };
		91065F9E2B7A7E4900BC62E6 /* SmartWeightsUITests.swift */ = {isa = PBXFileReference; lastKnownFileType = sourcecode.swift; path = SmartWeightsUITests.swift; sourceTree = "<group>"; };
		91065FA02B7A7E4900BC62E6 /* SmartWeightsUITestsLaunchTests.swift */ = {isa = PBXFileReference; lastKnownFileType = sourcecode.swift; path = SmartWeightsUITestsLaunchTests.swift; sourceTree = "<group>"; };
		911899392B8CE1300071232A /* StartWorkout.swift */ = {isa = PBXFileReference; lastKnownFileType = sourcecode.swift; path = StartWorkout.swift; sourceTree = "<group>"; };
		9118993B2B8CE1400071232A /* WorkoutFeedback.swift */ = {isa = PBXFileReference; lastKnownFileType = sourcecode.swift; path = WorkoutFeedback.swift; sourceTree = "<group>"; };
		9118993D2B8CE1570071232A /* WorkoutMainPage.swift */ = {isa = PBXFileReference; lastKnownFileType = sourcecode.swift; path = WorkoutMainPage.swift; sourceTree = "<group>"; };
		912241702B90EA9F00D03638 /* WorkoutUITests.swift */ = {isa = PBXFileReference; lastKnownFileType = sourcecode.swift; path = WorkoutUITests.swift; sourceTree = "<group>"; };
		918037952BA9026700802D01 /* central.swift */ = {isa = PBXFileReference; lastKnownFileType = sourcecode.swift; path = central.swift; sourceTree = "<group>"; };
		B90B6FD92B7FAD1C009866FD /* PetStore.swift */ = {isa = PBXFileReference; lastKnownFileType = sourcecode.swift; path = PetStore.swift; sourceTree = "<group>"; };
		B9A4764B2B8F86DA0062CBB6 /* SelectFirstPet.swift */ = {isa = PBXFileReference; lastKnownFileType = sourcecode.swift; path = SelectFirstPet.swift; sourceTree = "<group>"; };
		E56BD7D72BAFA2C300863D4D /* TabBar.swift */ = {isa = PBXFileReference; lastKnownFileType = sourcecode.swift; path = TabBar.swift; sourceTree = "<group>"; };
		E56BD7DA2BAFB0F400863D4D /* ColorExtension.swift */ = {isa = PBXFileReference; lastKnownFileType = sourcecode.swift; path = ColorExtension.swift; sourceTree = "<group>"; };
		E5B86DB22B91033400A0AD04 /* navbarUITests.swift */ = {isa = PBXFileReference; lastKnownFileType = sourcecode.swift; path = navbarUITests.swift; sourceTree = "<group>"; };
/* End PBXFileReference section */

/* Begin PBXFrameworksBuildPhase section */
		91065F762B7A7E4700BC62E6 /* Frameworks */ = {
			isa = PBXFrameworksBuildPhase;
			buildActionMask = 2147483647;
			files = (
			);
			runOnlyForDeploymentPostprocessing = 0;
		};
		91065F8D2B7A7E4900BC62E6 /* Frameworks */ = {
			isa = PBXFrameworksBuildPhase;
			buildActionMask = 2147483647;
			files = (
			);
			runOnlyForDeploymentPostprocessing = 0;
		};
		91065F972B7A7E4900BC62E6 /* Frameworks */ = {
			isa = PBXFrameworksBuildPhase;
			buildActionMask = 2147483647;
			files = (
			);
			runOnlyForDeploymentPostprocessing = 0;
		};
/* End PBXFrameworksBuildPhase section */

/* Begin PBXGroup section */
		0140238B2B91700300D6935D /* Settings */ = {
			isa = PBXGroup;
			children = (
				0140238C2B91702300D6935D /* SettingsPageView.swift */,
			);
			path = Settings;
			sourceTree = "<group>";
		};
		01A6B0BC2B88F13F00D84920 /* More */ = {
			isa = PBXGroup;
			children = (
				01A6B0BD2B88F16500D84920 /* MorePageView.swift */,
			);
			path = More;
			sourceTree = "<group>";
		};
		3202761C2B892D04001A86B8 /* pet-customize-page */ = {
			isa = PBXGroup;
			children = (
				3202761D2B892D2C001A86B8 /* CustomProgressView.swift */,
				320276212B892D55001A86B8 /* Pet_page.swift */,
				327C4B012BA9C38800E160EE /* Inventory_Customize_page.swift */,
			);
			path = "pet-customize-page";
			sourceTree = "<group>";
		};
		32E288582B83CD0900458FB1 /* WorkoutSummaries */ = {
			isa = PBXGroup;
			children = (
				32E288592B83CD2800458FB1 /* Calendar.swift */,
				32E2885B2B83CD4300458FB1 /* OverallProgressGraph.swift */,
				32E2885D2B83CD6E00458FB1 /* OverallProgress.swift */,
			);
			path = WorkoutSummaries;
			sourceTree = "<group>";
		};
		6B8762A82BA260C0005627CE /* DBAccess */ = {
			isa = PBXGroup;
			children = (
				6B8762A92BA26891005627CE /* CloudKitManager.swift */,
				6B8762AA2BA26891005627CE /* UserRecordManager.swift */,
				6B8762AD2BA485C7005627CE /* CloudKitService.swift */,
				6B98A7172BA8952500856271 /* ItemModel.swift */,
				6B98A7192BA8956D00856271 /* ItemViewModel.swift */,
				6B98A71B2BA895AB00856271 /* ItemView.swift */,
				6B98A7232BAA223F00856271 /* TestDB.swift */,
			);
			path = DBAccess;
			sourceTree = "<group>";
		};
		91065F702B7A7E4700BC62E6 = {
			isa = PBXGroup;
			children = (
				91065F7B2B7A7E4700BC62E6 /* SmartWeights */,
				91065F932B7A7E4900BC62E6 /* SmartWeightsTests */,
				91065F9D2B7A7E4900BC62E6 /* SmartWeightsUITests */,
				91065F7A2B7A7E4700BC62E6 /* Products */,
			);
			sourceTree = "<group>";
		};
		91065F7A2B7A7E4700BC62E6 /* Products */ = {
			isa = PBXGroup;
			children = (
				91065F792B7A7E4700BC62E6 /* SmartWeights.app */,
				91065F902B7A7E4900BC62E6 /* SmartWeightsTests.xctest */,
				91065F9A2B7A7E4900BC62E6 /* SmartWeightsUITests.xctest */,
			);
			name = Products;
			sourceTree = "<group>";
		};
		91065F7B2B7A7E4700BC62E6 /* SmartWeights */ = {
			isa = PBXGroup;
			children = (
				E56BD7D92BAFB0D900863D4D /* Extensions */,
				E56BD7D62BAFA29700863D4D /* Tab Bar */,
				918037902BA09AD600802D01 /* bluetooth */,
				B9A4764A2B8F86A70062CBB6 /* Tutorial */,
				6B8762A82BA260C0005627CE /* DBAccess */,
				911899382B8CE0D40071232A /* Workout */,
				3202761C2B892D04001A86B8 /* pet-customize-page */,
				0140238B2B91700300D6935D /* Settings */,
				01A6B0BC2B88F13F00D84920 /* More */,
				321EF0442B83AAFA000A2D02 /* LoginPage.swift */,
				32E288582B83CD0900458FB1 /* WorkoutSummaries */,
				B90B6FD82B7FACE2009866FD /* PetStore */,
				91065F7C2B7A7E4700BC62E6 /* SmartWeightsApp.swift */,
				91065F7E2B7A7E4700BC62E6 /* ContentView.swift */,
				91065F802B7A7E4900BC62E6 /* Assets.xcassets */,
				91065F852B7A7E4900BC62E6 /* Persistence.swift */,
				91065F8A2B7A7E4900BC62E6 /* SmartWeights.entitlements */,
				91065F8B2B7A7E4900BC62E6 /* Info.plist */,
				91065F872B7A7E4900BC62E6 /* SmartWeights.xcdatamodeld */,
				91065F822B7A7E4900BC62E6 /* Preview Content */,
				01B8E3D92B7FAE5C004375ED /* ChallengesTab.swift */,
				32BDE8EF2B8C1381003A5F5A /* Homepage.swift */,
				6BC8E5712BB097CA00A9CB8C /* VoiceRecognitionViewModel.swift */,
			);
			path = SmartWeights;
			sourceTree = "<group>";
		};
		91065F822B7A7E4900BC62E6 /* Preview Content */ = {
			isa = PBXGroup;
			children = (
				91065F832B7A7E4900BC62E6 /* Preview Assets.xcassets */,
			);
			path = "Preview Content";
			sourceTree = "<group>";
		};
		91065F932B7A7E4900BC62E6 /* SmartWeightsTests */ = {
			isa = PBXGroup;
			children = (
				91065F942B7A7E4900BC62E6 /* SmartWeightsTests.swift */,
				322B4C042B90CACE00620F4F /* PetPageTest.swift */,
				6BA2DC472B90FCF500A998FC /* CloudKitTest.swift */,
			);
			path = SmartWeightsTests;
			sourceTree = "<group>";
		};
		91065F9D2B7A7E4900BC62E6 /* SmartWeightsUITests */ = {
			isa = PBXGroup;
			children = (
				91065F9E2B7A7E4900BC62E6 /* SmartWeightsUITests.swift */,
				91065FA02B7A7E4900BC62E6 /* SmartWeightsUITestsLaunchTests.swift */,
				322B4C072B90CB7500620F4F /* PetPageUITests.swift */,
				912241702B90EA9F00D03638 /* WorkoutUITests.swift */,
				E5B86DB22B91033400A0AD04 /* navbarUITests.swift */,
			);
			path = SmartWeightsUITests;
			sourceTree = "<group>";
		};
		911899382B8CE0D40071232A /* Workout */ = {
			isa = PBXGroup;
			children = (
				911899392B8CE1300071232A /* StartWorkout.swift */,
				9118993B2B8CE1400071232A /* WorkoutFeedback.swift */,
				9118993D2B8CE1570071232A /* WorkoutMainPage.swift */,
			);
			path = Workout;
			sourceTree = "<group>";
		};
		918037902BA09AD600802D01 /* bluetooth */ = {
			isa = PBXGroup;
			children = (
				918037952BA9026700802D01 /* central.swift */,
			);
			path = bluetooth;
			sourceTree = "<group>";
		};
		B90B6FD82B7FACE2009866FD /* PetStore */ = {
			isa = PBXGroup;
			children = (
				B90B6FD92B7FAD1C009866FD /* PetStore.swift */,
			);
			path = PetStore;
			sourceTree = "<group>";
		};
		B9A4764A2B8F86A70062CBB6 /* Tutorial */ = {
			isa = PBXGroup;
			children = (
				B9A4764B2B8F86DA0062CBB6 /* SelectFirstPet.swift */,
			);
			path = Tutorial;
			sourceTree = "<group>";
		};
		E56BD7D62BAFA29700863D4D /* Tab Bar */ = {
			isa = PBXGroup;
			children = (
				E56BD7D72BAFA2C300863D4D /* TabBar.swift */,
			);
			path = "Tab Bar";
			sourceTree = "<group>";
		};
		E56BD7D92BAFB0D900863D4D /* Extensions */ = {
			isa = PBXGroup;
			children = (
				E56BD7DA2BAFB0F400863D4D /* ColorExtension.swift */,
			);
			path = Extensions;
			sourceTree = "<group>";
		};
/* End PBXGroup section */

/* Begin PBXNativeTarget section */
		91065F782B7A7E4700BC62E6 /* SmartWeights */ = {
			isa = PBXNativeTarget;
			buildConfigurationList = 91065FA42B7A7E4900BC62E6 /* Build configuration list for PBXNativeTarget "SmartWeights" */;
			buildPhases = (
				91065F752B7A7E4700BC62E6 /* Sources */,
				91065F762B7A7E4700BC62E6 /* Frameworks */,
				91065F772B7A7E4700BC62E6 /* Resources */,
			);
			buildRules = (
			);
			dependencies = (
			);
			name = SmartWeights;
			packageProductDependencies = (
			);
			productName = SmartWeights;
			productReference = 91065F792B7A7E4700BC62E6 /* SmartWeights.app */;
			productType = "com.apple.product-type.application";
		};
		91065F8F2B7A7E4900BC62E6 /* SmartWeightsTests */ = {
			isa = PBXNativeTarget;
			buildConfigurationList = 91065FA72B7A7E4900BC62E6 /* Build configuration list for PBXNativeTarget "SmartWeightsTests" */;
			buildPhases = (
				91065F8C2B7A7E4900BC62E6 /* Sources */,
				91065F8D2B7A7E4900BC62E6 /* Frameworks */,
				91065F8E2B7A7E4900BC62E6 /* Resources */,
			);
			buildRules = (
			);
			dependencies = (
				91065F922B7A7E4900BC62E6 /* PBXTargetDependency */,
			);
			name = SmartWeightsTests;
			productName = SmartWeightsTests;
			productReference = 91065F902B7A7E4900BC62E6 /* SmartWeightsTests.xctest */;
			productType = "com.apple.product-type.bundle.unit-test";
		};
		91065F992B7A7E4900BC62E6 /* SmartWeightsUITests */ = {
			isa = PBXNativeTarget;
			buildConfigurationList = 91065FAA2B7A7E4900BC62E6 /* Build configuration list for PBXNativeTarget "SmartWeightsUITests" */;
			buildPhases = (
				91065F962B7A7E4900BC62E6 /* Sources */,
				91065F972B7A7E4900BC62E6 /* Frameworks */,
				91065F982B7A7E4900BC62E6 /* Resources */,
			);
			buildRules = (
			);
			dependencies = (
				91065F9C2B7A7E4900BC62E6 /* PBXTargetDependency */,
			);
			name = SmartWeightsUITests;
			productName = SmartWeightsUITests;
			productReference = 91065F9A2B7A7E4900BC62E6 /* SmartWeightsUITests.xctest */;
			productType = "com.apple.product-type.bundle.ui-testing";
		};
/* End PBXNativeTarget section */

/* Begin PBXProject section */
		91065F712B7A7E4700BC62E6 /* Project object */ = {
			isa = PBXProject;
			attributes = {
				BuildIndependentTargetsInParallel = 1;
				LastSwiftUpdateCheck = 1520;
				LastUpgradeCheck = 1520;
				TargetAttributes = {
					91065F782B7A7E4700BC62E6 = {
						CreatedOnToolsVersion = 15.2;
					};
					91065F8F2B7A7E4900BC62E6 = {
						CreatedOnToolsVersion = 15.2;
						TestTargetID = 91065F782B7A7E4700BC62E6;
					};
					91065F992B7A7E4900BC62E6 = {
						CreatedOnToolsVersion = 15.2;
						TestTargetID = 91065F782B7A7E4700BC62E6;
					};
				};
			};
			buildConfigurationList = 91065F742B7A7E4700BC62E6 /* Build configuration list for PBXProject "SmartWeights" */;
			compatibilityVersion = "Xcode 14.0";
			developmentRegion = en;
			hasScannedForEncodings = 0;
			knownRegions = (
				en,
				Base,
			);
			mainGroup = 91065F702B7A7E4700BC62E6;
			packageReferences = (
			);
			productRefGroup = 91065F7A2B7A7E4700BC62E6 /* Products */;
			projectDirPath = "";
			projectRoot = "";
			targets = (
				91065F782B7A7E4700BC62E6 /* SmartWeights */,
				91065F8F2B7A7E4900BC62E6 /* SmartWeightsTests */,
				91065F992B7A7E4900BC62E6 /* SmartWeightsUITests */,
			);
		};
/* End PBXProject section */

/* Begin PBXResourcesBuildPhase section */
		91065F772B7A7E4700BC62E6 /* Resources */ = {
			isa = PBXResourcesBuildPhase;
			buildActionMask = 2147483647;
			files = (
				91065F842B7A7E4900BC62E6 /* Preview Assets.xcassets in Resources */,
				91065F812B7A7E4900BC62E6 /* Assets.xcassets in Resources */,
			);
			runOnlyForDeploymentPostprocessing = 0;
		};
		91065F8E2B7A7E4900BC62E6 /* Resources */ = {
			isa = PBXResourcesBuildPhase;
			buildActionMask = 2147483647;
			files = (
			);
			runOnlyForDeploymentPostprocessing = 0;
		};
		91065F982B7A7E4900BC62E6 /* Resources */ = {
			isa = PBXResourcesBuildPhase;
			buildActionMask = 2147483647;
			files = (
			);
			runOnlyForDeploymentPostprocessing = 0;
		};
/* End PBXResourcesBuildPhase section */

/* Begin PBXSourcesBuildPhase section */
		91065F752B7A7E4700BC62E6 /* Sources */ = {
			isa = PBXSourcesBuildPhase;
			buildActionMask = 2147483647;
			files = (
				B9A4764C2B8F86DA0062CBB6 /* SelectFirstPet.swift in Sources */,
				6BC8E5722BB097CA00A9CB8C /* VoiceRecognitionViewModel.swift in Sources */,
				B90B6FDA2B7FAD1C009866FD /* PetStore.swift in Sources */,
				01A6B0BE2B88F16500D84920 /* MorePageView.swift in Sources */,
				91065F862B7A7E4900BC62E6 /* Persistence.swift in Sources */,
				32E2885E2B83CD6E00458FB1 /* OverallProgress.swift in Sources */,
				6B8762AC2BA26891005627CE /* UserRecordManager.swift in Sources */,
				3202761E2B892D2C001A86B8 /* CustomProgressView.swift in Sources */,
				918037962BA9026700802D01 /* central.swift in Sources */,
				91065F7F2B7A7E4700BC62E6 /* ContentView.swift in Sources */,
				6B8762AE2BA485C7005627CE /* CloudKitService.swift in Sources */,
				E56BD7DB2BAFB0F400863D4D /* ColorExtension.swift in Sources */,
				32E2885C2B83CD4300458FB1 /* OverallProgressGraph.swift in Sources */,
				6B98A71C2BA895AB00856271 /* ItemView.swift in Sources */,
				91065F7D2B7A7E4700BC62E6 /* SmartWeightsApp.swift in Sources */,
				6B8762AB2BA26891005627CE /* CloudKitManager.swift in Sources */,
				9118993C2B8CE1400071232A /* WorkoutFeedback.swift in Sources */,
				321EF0452B83AAFA000A2D02 /* LoginPage.swift in Sources */,
				6B98A71A2BA8956D00856271 /* ItemViewModel.swift in Sources */,
				0140238D2B91702300D6935D /* SettingsPageView.swift in Sources */,
				91065F892B7A7E4900BC62E6 /* SmartWeights.xcdatamodeld in Sources */,
				9118993E2B8CE1570071232A /* WorkoutMainPage.swift in Sources */,
				6B98A7242BAA223F00856271 /* TestDB.swift in Sources */,
				01B8E3DA2B7FAE5C004375ED /* ChallengesTab.swift in Sources */,
				320276222B892D55001A86B8 /* Pet_page.swift in Sources */,
				327C4B022BA9C38800E160EE /* Inventory_Customize_page.swift in Sources */,
				9118993A2B8CE1300071232A /* StartWorkout.swift in Sources */,
				32E2885A2B83CD2800458FB1 /* Calendar.swift in Sources */,
				6B98A7182BA8952500856271 /* ItemModel.swift in Sources */,
				32BDE8F02B8C1381003A5F5A /* Homepage.swift in Sources */,
				E56BD7D82BAFA2C300863D4D /* TabBar.swift in Sources */,
			);
			runOnlyForDeploymentPostprocessing = 0;
		};
		91065F8C2B7A7E4900BC62E6 /* Sources */ = {
			isa = PBXSourcesBuildPhase;
			buildActionMask = 2147483647;
			files = (
				322B4C052B90CACE00620F4F /* PetPageTest.swift in Sources */,
				6BA2DC482B90FCF500A998FC /* CloudKitTest.swift in Sources */,
				91065F952B7A7E4900BC62E6 /* SmartWeightsTests.swift in Sources */,
			);
			runOnlyForDeploymentPostprocessing = 0;
		};
		91065F962B7A7E4900BC62E6 /* Sources */ = {
			isa = PBXSourcesBuildPhase;
			buildActionMask = 2147483647;
			files = (
				322B4C082B90CB7500620F4F /* PetPageUITests.swift in Sources */,
				E5B86DB32B91033400A0AD04 /* navbarUITests.swift in Sources */,
				91065FA12B7A7E4900BC62E6 /* SmartWeightsUITestsLaunchTests.swift in Sources */,
				91065F9F2B7A7E4900BC62E6 /* SmartWeightsUITests.swift in Sources */,
				912241712B90EA9F00D03638 /* WorkoutUITests.swift in Sources */,
			);
			runOnlyForDeploymentPostprocessing = 0;
		};
/* End PBXSourcesBuildPhase section */

/* Begin PBXTargetDependency section */
		91065F922B7A7E4900BC62E6 /* PBXTargetDependency */ = {
			isa = PBXTargetDependency;
			target = 91065F782B7A7E4700BC62E6 /* SmartWeights */;
			targetProxy = 91065F912B7A7E4900BC62E6 /* PBXContainerItemProxy */;
		};
		91065F9C2B7A7E4900BC62E6 /* PBXTargetDependency */ = {
			isa = PBXTargetDependency;
			target = 91065F782B7A7E4700BC62E6 /* SmartWeights */;
			targetProxy = 91065F9B2B7A7E4900BC62E6 /* PBXContainerItemProxy */;
		};
/* End PBXTargetDependency section */

/* Begin XCBuildConfiguration section */
		91065FA22B7A7E4900BC62E6 /* Debug */ = {
			isa = XCBuildConfiguration;
			buildSettings = {
				ALWAYS_SEARCH_USER_PATHS = NO;
				ASSETCATALOG_COMPILER_GENERATE_SWIFT_ASSET_SYMBOL_EXTENSIONS = YES;
				CLANG_ANALYZER_NONNULL = YES;
				CLANG_ANALYZER_NUMBER_OBJECT_CONVERSION = YES_AGGRESSIVE;
				CLANG_CXX_LANGUAGE_STANDARD = "gnu++20";
				CLANG_ENABLE_MODULES = YES;
				CLANG_ENABLE_OBJC_ARC = YES;
				CLANG_ENABLE_OBJC_WEAK = YES;
				CLANG_WARN_BLOCK_CAPTURE_AUTORELEASING = YES;
				CLANG_WARN_BOOL_CONVERSION = YES;
				CLANG_WARN_COMMA = YES;
				CLANG_WARN_CONSTANT_CONVERSION = YES;
				CLANG_WARN_DEPRECATED_OBJC_IMPLEMENTATIONS = YES;
				CLANG_WARN_DIRECT_OBJC_ISA_USAGE = YES_ERROR;
				CLANG_WARN_DOCUMENTATION_COMMENTS = YES;
				CLANG_WARN_EMPTY_BODY = YES;
				CLANG_WARN_ENUM_CONVERSION = YES;
				CLANG_WARN_INFINITE_RECURSION = YES;
				CLANG_WARN_INT_CONVERSION = YES;
				CLANG_WARN_NON_LITERAL_NULL_CONVERSION = YES;
				CLANG_WARN_OBJC_IMPLICIT_RETAIN_SELF = YES;
				CLANG_WARN_OBJC_LITERAL_CONVERSION = YES;
				CLANG_WARN_OBJC_ROOT_CLASS = YES_ERROR;
				CLANG_WARN_QUOTED_INCLUDE_IN_FRAMEWORK_HEADER = YES;
				CLANG_WARN_RANGE_LOOP_ANALYSIS = YES;
				CLANG_WARN_STRICT_PROTOTYPES = YES;
				CLANG_WARN_SUSPICIOUS_MOVE = YES;
				CLANG_WARN_UNGUARDED_AVAILABILITY = YES_AGGRESSIVE;
				CLANG_WARN_UNREACHABLE_CODE = YES;
				CLANG_WARN__DUPLICATE_METHOD_MATCH = YES;
				COPY_PHASE_STRIP = NO;
				DEBUG_INFORMATION_FORMAT = dwarf;
				ENABLE_STRICT_OBJC_MSGSEND = YES;
				ENABLE_TESTABILITY = YES;
				ENABLE_USER_SCRIPT_SANDBOXING = YES;
				GCC_C_LANGUAGE_STANDARD = gnu17;
				GCC_DYNAMIC_NO_PIC = NO;
				GCC_NO_COMMON_BLOCKS = YES;
				GCC_OPTIMIZATION_LEVEL = 0;
				GCC_PREPROCESSOR_DEFINITIONS = (
					"DEBUG=1",
					"$(inherited)",
				);
				GCC_WARN_64_TO_32_BIT_CONVERSION = YES;
				GCC_WARN_ABOUT_RETURN_TYPE = YES_ERROR;
				GCC_WARN_UNDECLARED_SELECTOR = YES;
				GCC_WARN_UNINITIALIZED_AUTOS = YES_AGGRESSIVE;
				GCC_WARN_UNUSED_FUNCTION = YES;
				GCC_WARN_UNUSED_VARIABLE = YES;
				IPHONEOS_DEPLOYMENT_TARGET = 17.2;
				LOCALIZATION_PREFERS_STRING_CATALOGS = YES;
				MTL_ENABLE_DEBUG_INFO = INCLUDE_SOURCE;
				MTL_FAST_MATH = YES;
				ONLY_ACTIVE_ARCH = YES;
				SDKROOT = iphoneos;
				SWIFT_ACTIVE_COMPILATION_CONDITIONS = "DEBUG $(inherited)";
				SWIFT_OPTIMIZATION_LEVEL = "-Onone";
			};
			name = Debug;
		};
		91065FA32B7A7E4900BC62E6 /* Release */ = {
			isa = XCBuildConfiguration;
			buildSettings = {
				ALWAYS_SEARCH_USER_PATHS = NO;
				ASSETCATALOG_COMPILER_GENERATE_SWIFT_ASSET_SYMBOL_EXTENSIONS = YES;
				CLANG_ANALYZER_NONNULL = YES;
				CLANG_ANALYZER_NUMBER_OBJECT_CONVERSION = YES_AGGRESSIVE;
				CLANG_CXX_LANGUAGE_STANDARD = "gnu++20";
				CLANG_ENABLE_MODULES = YES;
				CLANG_ENABLE_OBJC_ARC = YES;
				CLANG_ENABLE_OBJC_WEAK = YES;
				CLANG_WARN_BLOCK_CAPTURE_AUTORELEASING = YES;
				CLANG_WARN_BOOL_CONVERSION = YES;
				CLANG_WARN_COMMA = YES;
				CLANG_WARN_CONSTANT_CONVERSION = YES;
				CLANG_WARN_DEPRECATED_OBJC_IMPLEMENTATIONS = YES;
				CLANG_WARN_DIRECT_OBJC_ISA_USAGE = YES_ERROR;
				CLANG_WARN_DOCUMENTATION_COMMENTS = YES;
				CLANG_WARN_EMPTY_BODY = YES;
				CLANG_WARN_ENUM_CONVERSION = YES;
				CLANG_WARN_INFINITE_RECURSION = YES;
				CLANG_WARN_INT_CONVERSION = YES;
				CLANG_WARN_NON_LITERAL_NULL_CONVERSION = YES;
				CLANG_WARN_OBJC_IMPLICIT_RETAIN_SELF = YES;
				CLANG_WARN_OBJC_LITERAL_CONVERSION = YES;
				CLANG_WARN_OBJC_ROOT_CLASS = YES_ERROR;
				CLANG_WARN_QUOTED_INCLUDE_IN_FRAMEWORK_HEADER = YES;
				CLANG_WARN_RANGE_LOOP_ANALYSIS = YES;
				CLANG_WARN_STRICT_PROTOTYPES = YES;
				CLANG_WARN_SUSPICIOUS_MOVE = YES;
				CLANG_WARN_UNGUARDED_AVAILABILITY = YES_AGGRESSIVE;
				CLANG_WARN_UNREACHABLE_CODE = YES;
				CLANG_WARN__DUPLICATE_METHOD_MATCH = YES;
				COPY_PHASE_STRIP = NO;
				DEBUG_INFORMATION_FORMAT = "dwarf-with-dsym";
				ENABLE_NS_ASSERTIONS = NO;
				ENABLE_STRICT_OBJC_MSGSEND = YES;
				ENABLE_USER_SCRIPT_SANDBOXING = YES;
				GCC_C_LANGUAGE_STANDARD = gnu17;
				GCC_NO_COMMON_BLOCKS = YES;
				GCC_WARN_64_TO_32_BIT_CONVERSION = YES;
				GCC_WARN_ABOUT_RETURN_TYPE = YES_ERROR;
				GCC_WARN_UNDECLARED_SELECTOR = YES;
				GCC_WARN_UNINITIALIZED_AUTOS = YES_AGGRESSIVE;
				GCC_WARN_UNUSED_FUNCTION = YES;
				GCC_WARN_UNUSED_VARIABLE = YES;
				IPHONEOS_DEPLOYMENT_TARGET = 17.2;
				LOCALIZATION_PREFERS_STRING_CATALOGS = YES;
				MTL_ENABLE_DEBUG_INFO = NO;
				MTL_FAST_MATH = YES;
				SDKROOT = iphoneos;
				SWIFT_COMPILATION_MODE = wholemodule;
				VALIDATE_PRODUCT = YES;
			};
			name = Release;
		};
		91065FA52B7A7E4900BC62E6 /* Debug */ = {
			isa = XCBuildConfiguration;
			buildSettings = {
				ASSETCATALOG_COMPILER_APPICON_NAME = AppIcon;
				ASSETCATALOG_COMPILER_GLOBAL_ACCENT_COLOR_NAME = AccentColor;
				CODE_SIGN_ENTITLEMENTS = SmartWeights/SmartWeights.entitlements;
				CODE_SIGN_IDENTITY = "Apple Development";
				CODE_SIGN_STYLE = Automatic;
				CURRENT_PROJECT_VERSION = 1;
				DEVELOPMENT_ASSET_PATHS = "\"SmartWeights/Preview Content\"";
				DEVELOPMENT_TEAM = YD9LWSGPPP;
				ENABLE_PREVIEWS = YES;
				GENERATE_INFOPLIST_FILE = YES;
				INFOPLIST_FILE = SmartWeights/Info.plist;
				INFOPLIST_KEY_NSBluetoothPeripheralUsageDescription = "Please allow using bluetooth";
				INFOPLIST_KEY_UIApplicationSceneManifest_Generation = YES;
				INFOPLIST_KEY_UIApplicationSupportsIndirectInputEvents = YES;
				INFOPLIST_KEY_UILaunchScreen_Generation = YES;
				INFOPLIST_KEY_UISupportedInterfaceOrientations_iPad = "UIInterfaceOrientationPortrait UIInterfaceOrientationPortraitUpsideDown UIInterfaceOrientationLandscapeLeft UIInterfaceOrientationLandscapeRight";
				INFOPLIST_KEY_UISupportedInterfaceOrientations_iPhone = "UIInterfaceOrientationPortrait UIInterfaceOrientationLandscapeLeft UIInterfaceOrientationLandscapeRight";
				LD_RUNPATH_SEARCH_PATHS = (
					"$(inherited)",
					"@executable_path/Frameworks",
				);
				MARKETING_VERSION = 1.0;
				PRODUCT_BUNDLE_IDENTIFIER = CIS4398.SmartWeights;
				PRODUCT_NAME = "$(TARGET_NAME)";
				PROVISIONING_PROFILE_SPECIFIER = "";
				SWIFT_EMIT_LOC_STRINGS = YES;
				SWIFT_VERSION = 5.0;
				TARGETED_DEVICE_FAMILY = "1,2";
			};
			name = Debug;
		};
		91065FA62B7A7E4900BC62E6 /* Release */ = {
			isa = XCBuildConfiguration;
			buildSettings = {
				ASSETCATALOG_COMPILER_APPICON_NAME = AppIcon;
				ASSETCATALOG_COMPILER_GLOBAL_ACCENT_COLOR_NAME = AccentColor;
				CODE_SIGN_ENTITLEMENTS = SmartWeights/SmartWeights.entitlements;
				CODE_SIGN_IDENTITY = "Apple Development";
				CODE_SIGN_STYLE = Automatic;
				CURRENT_PROJECT_VERSION = 1;
				DEVELOPMENT_ASSET_PATHS = "\"SmartWeights/Preview Content\"";
				DEVELOPMENT_TEAM = YD9LWSGPPP;
				ENABLE_PREVIEWS = YES;
				GENERATE_INFOPLIST_FILE = YES;
				INFOPLIST_FILE = SmartWeights/Info.plist;
				INFOPLIST_KEY_NSBluetoothPeripheralUsageDescription = "Please allow using bluetooth";
				INFOPLIST_KEY_UIApplicationSceneManifest_Generation = YES;
				INFOPLIST_KEY_UIApplicationSupportsIndirectInputEvents = YES;
				INFOPLIST_KEY_UILaunchScreen_Generation = YES;
				INFOPLIST_KEY_UISupportedInterfaceOrientations_iPad = "UIInterfaceOrientationPortrait UIInterfaceOrientationPortraitUpsideDown UIInterfaceOrientationLandscapeLeft UIInterfaceOrientationLandscapeRight";
				INFOPLIST_KEY_UISupportedInterfaceOrientations_iPhone = "UIInterfaceOrientationPortrait UIInterfaceOrientationLandscapeLeft UIInterfaceOrientationLandscapeRight";
				LD_RUNPATH_SEARCH_PATHS = (
					"$(inherited)",
					"@executable_path/Frameworks",
				);
				MARKETING_VERSION = 1.0;
				PRODUCT_BUNDLE_IDENTIFIER = CIS4398.SmartWeights;
				PRODUCT_NAME = "$(TARGET_NAME)";
				PROVISIONING_PROFILE_SPECIFIER = "";
				SWIFT_EMIT_LOC_STRINGS = YES;
				SWIFT_VERSION = 5.0;
				TARGETED_DEVICE_FAMILY = "1,2";
			};
			name = Release;
		};
		91065FA82B7A7E4900BC62E6 /* Debug */ = {
			isa = XCBuildConfiguration;
			buildSettings = {
				ALWAYS_EMBED_SWIFT_STANDARD_LIBRARIES = YES;
				BUNDLE_LOADER = "$(TEST_HOST)";
				CODE_SIGN_STYLE = Automatic;
				CURRENT_PROJECT_VERSION = 1;
				GENERATE_INFOPLIST_FILE = YES;
				IPHONEOS_DEPLOYMENT_TARGET = 17.2;
				MARKETING_VERSION = 1.0;
				PRODUCT_BUNDLE_IDENTIFIER = CIS4398.SmartWeightsTests;
				PRODUCT_NAME = "$(TARGET_NAME)";
				SWIFT_EMIT_LOC_STRINGS = NO;
				SWIFT_VERSION = 5.0;
				TARGETED_DEVICE_FAMILY = "1,2";
				TEST_HOST = "$(BUILT_PRODUCTS_DIR)/SmartWeights.app/$(BUNDLE_EXECUTABLE_FOLDER_PATH)/SmartWeights";
			};
			name = Debug;
		};
		91065FA92B7A7E4900BC62E6 /* Release */ = {
			isa = XCBuildConfiguration;
			buildSettings = {
				ALWAYS_EMBED_SWIFT_STANDARD_LIBRARIES = YES;
				BUNDLE_LOADER = "$(TEST_HOST)";
				CODE_SIGN_STYLE = Automatic;
				CURRENT_PROJECT_VERSION = 1;
				GENERATE_INFOPLIST_FILE = YES;
				IPHONEOS_DEPLOYMENT_TARGET = 17.2;
				MARKETING_VERSION = 1.0;
				PRODUCT_BUNDLE_IDENTIFIER = CIS4398.SmartWeightsTests;
				PRODUCT_NAME = "$(TARGET_NAME)";
				SWIFT_EMIT_LOC_STRINGS = NO;
				SWIFT_VERSION = 5.0;
				TARGETED_DEVICE_FAMILY = "1,2";
				TEST_HOST = "$(BUILT_PRODUCTS_DIR)/SmartWeights.app/$(BUNDLE_EXECUTABLE_FOLDER_PATH)/SmartWeights";
			};
			name = Release;
		};
		91065FAB2B7A7E4900BC62E6 /* Debug */ = {
			isa = XCBuildConfiguration;
			buildSettings = {
				ALWAYS_EMBED_SWIFT_STANDARD_LIBRARIES = YES;
				CODE_SIGN_STYLE = Automatic;
				CURRENT_PROJECT_VERSION = 1;
				GENERATE_INFOPLIST_FILE = YES;
				MARKETING_VERSION = 1.0;
				PRODUCT_BUNDLE_IDENTIFIER = CIS4398.SmartWeightsUITests;
				PRODUCT_NAME = "$(TARGET_NAME)";
				SWIFT_EMIT_LOC_STRINGS = NO;
				SWIFT_VERSION = 5.0;
				TARGETED_DEVICE_FAMILY = "1,2";
				TEST_TARGET_NAME = SmartWeights;
			};
			name = Debug;
		};
		91065FAC2B7A7E4900BC62E6 /* Release */ = {
			isa = XCBuildConfiguration;
			buildSettings = {
				ALWAYS_EMBED_SWIFT_STANDARD_LIBRARIES = YES;
				CODE_SIGN_STYLE = Automatic;
				CURRENT_PROJECT_VERSION = 1;
				GENERATE_INFOPLIST_FILE = YES;
				MARKETING_VERSION = 1.0;
				PRODUCT_BUNDLE_IDENTIFIER = CIS4398.SmartWeightsUITests;
				PRODUCT_NAME = "$(TARGET_NAME)";
				SWIFT_EMIT_LOC_STRINGS = NO;
				SWIFT_VERSION = 5.0;
				TARGETED_DEVICE_FAMILY = "1,2";
				TEST_TARGET_NAME = SmartWeights;
			};
			name = Release;
		};
/* End XCBuildConfiguration section */

/* Begin XCConfigurationList section */
		91065F742B7A7E4700BC62E6 /* Build configuration list for PBXProject "SmartWeights" */ = {
			isa = XCConfigurationList;
			buildConfigurations = (
				91065FA22B7A7E4900BC62E6 /* Debug */,
				91065FA32B7A7E4900BC62E6 /* Release */,
			);
			defaultConfigurationIsVisible = 0;
			defaultConfigurationName = Release;
		};
		91065FA42B7A7E4900BC62E6 /* Build configuration list for PBXNativeTarget "SmartWeights" */ = {
			isa = XCConfigurationList;
			buildConfigurations = (
				91065FA52B7A7E4900BC62E6 /* Debug */,
				91065FA62B7A7E4900BC62E6 /* Release */,
			);
			defaultConfigurationIsVisible = 0;
			defaultConfigurationName = Release;
		};
		91065FA72B7A7E4900BC62E6 /* Build configuration list for PBXNativeTarget "SmartWeightsTests" */ = {
			isa = XCConfigurationList;
			buildConfigurations = (
				91065FA82B7A7E4900BC62E6 /* Debug */,
				91065FA92B7A7E4900BC62E6 /* Release */,
			);
			defaultConfigurationIsVisible = 0;
			defaultConfigurationName = Release;
		};
		91065FAA2B7A7E4900BC62E6 /* Build configuration list for PBXNativeTarget "SmartWeightsUITests" */ = {
			isa = XCConfigurationList;
			buildConfigurations = (
				91065FAB2B7A7E4900BC62E6 /* Debug */,
				91065FAC2B7A7E4900BC62E6 /* Release */,
			);
			defaultConfigurationIsVisible = 0;
			defaultConfigurationName = Release;
		};
/* End XCConfigurationList section */

/* Begin XCVersionGroup section */
		91065F872B7A7E4900BC62E6 /* SmartWeights.xcdatamodeld */ = {
			isa = XCVersionGroup;
			children = (
				91065F882B7A7E4900BC62E6 /* SmartWeights.xcdatamodel */,
			);
			currentVersion = 91065F882B7A7E4900BC62E6 /* SmartWeights.xcdatamodel */;
			path = SmartWeights.xcdatamodeld;
			sourceTree = "<group>";
			versionGroupType = wrapper.xcdatamodel;
		};
/* End XCVersionGroup section */
	};
	rootObject = 91065F712B7A7E4700BC62E6 /* Project object */;
}
